// !$*UTF8*$!
{
	archiveVersion = 1;
	classes = {
	};
	objectVersion = 50;
	objects = {

/* Begin PBXBuildFile section */
		9754EBD624D7A19F0037DE8E /* AppDelegate.swift in Sources */ = {isa = PBXBuildFile; fileRef = 9754EBD524D7A19F0037DE8E /* AppDelegate.swift */; };
		9754EBD824D7A19F0037DE8E /* SceneDelegate.swift in Sources */ = {isa = PBXBuildFile; fileRef = 9754EBD724D7A19F0037DE8E /* SceneDelegate.swift */; };
		9754EBDA24D7A19F0037DE8E /* ContentView.swift in Sources */ = {isa = PBXBuildFile; fileRef = 9754EBD924D7A19F0037DE8E /* ContentView.swift */; };
		9754EBDC24D7A1A20037DE8E /* Assets.xcassets in Resources */ = {isa = PBXBuildFile; fileRef = 9754EBDB24D7A1A20037DE8E /* Assets.xcassets */; };
		9754EBDF24D7A1A20037DE8E /* Preview Assets.xcassets in Resources */ = {isa = PBXBuildFile; fileRef = 9754EBDE24D7A1A20037DE8E /* Preview Assets.xcassets */; };
		9754EBE224D7A1A20037DE8E /* LaunchScreen.storyboard in Resources */ = {isa = PBXBuildFile; fileRef = 9754EBE024D7A1A20037DE8E /* LaunchScreen.storyboard */; };
		9754EBEA24D7A55D0037DE8E /* ListExampleView.swift in Sources */ = {isa = PBXBuildFile; fileRef = 9754EBE924D7A55D0037DE8E /* ListExampleView.swift */; };
		9754EBEC24D7A5F10037DE8E /* GroupedListExampleView.swift in Sources */ = {isa = PBXBuildFile; fileRef = 9754EBEB24D7A5F10037DE8E /* GroupedListExampleView.swift */; };
		97D03C5524D8963E00656608 /* SliderExampleView.swift in Sources */ = {isa = PBXBuildFile; fileRef = 97D03C5424D8963E00656608 /* SliderExampleView.swift */; };
		97D03C5724D8967F00656608 /* ColorSlider.swift in Sources */ = {isa = PBXBuildFile; fileRef = 97D03C5624D8967F00656608 /* ColorSlider.swift */; };
		97F706BB24D8AF7B009DD21A /* SingleItemSection.swift in Sources */ = {isa = PBXBuildFile; fileRef = 97F706BA24D8AF7B009DD21A /* SingleItemSection.swift */; };
/* End PBXBuildFile section */

/* Begin PBXFileReference section */
		9754EBD224D7A19F0037DE8E /* SwiftUIExamples.app */ = {isa = PBXFileReference; explicitFileType = wrapper.application; includeInIndex = 0; path = SwiftUIExamples.app; sourceTree = BUILT_PRODUCTS_DIR; };
		9754EBD524D7A19F0037DE8E /* AppDelegate.swift */ = {isa = PBXFileReference; lastKnownFileType = sourcecode.swift; path = AppDelegate.swift; sourceTree = "<group>"; };
		9754EBD724D7A19F0037DE8E /* SceneDelegate.swift */ = {isa = PBXFileReference; lastKnownFileType = sourcecode.swift; path = SceneDelegate.swift; sourceTree = "<group>"; };
		9754EBD924D7A19F0037DE8E /* ContentView.swift */ = {isa = PBXFileReference; lastKnownFileType = sourcecode.swift; path = ContentView.swift; sourceTree = "<group>"; };
		9754EBDB24D7A1A20037DE8E /* Assets.xcassets */ = {isa = PBXFileReference; lastKnownFileType = folder.assetcatalog; path = Assets.xcassets; sourceTree = "<group>"; };
		9754EBDE24D7A1A20037DE8E /* Preview Assets.xcassets */ = {isa = PBXFileReference; lastKnownFileType = folder.assetcatalog; path = "Preview Assets.xcassets"; sourceTree = "<group>"; };
		9754EBE124D7A1A20037DE8E /* Base */ = {isa = PBXFileReference; lastKnownFileType = file.storyboard; name = Base; path = Base.lproj/LaunchScreen.storyboard; sourceTree = "<group>"; };
		9754EBE324D7A1A20037DE8E /* Info.plist */ = {isa = PBXFileReference; lastKnownFileType = text.plist.xml; path = Info.plist; sourceTree = "<group>"; };
		9754EBE924D7A55D0037DE8E /* ListExampleView.swift */ = {isa = PBXFileReference; lastKnownFileType = sourcecode.swift; path = ListExampleView.swift; sourceTree = "<group>"; };
		9754EBEB24D7A5F10037DE8E /* GroupedListExampleView.swift */ = {isa = PBXFileReference; lastKnownFileType = sourcecode.swift; path = GroupedListExampleView.swift; sourceTree = "<group>"; };
		97D03C5424D8963E00656608 /* SliderExampleView.swift */ = {isa = PBXFileReference; lastKnownFileType = sourcecode.swift; path = SliderExampleView.swift; sourceTree = "<group>"; };
		97D03C5624D8967F00656608 /* ColorSlider.swift */ = {isa = PBXFileReference; lastKnownFileType = sourcecode.swift; path = ColorSlider.swift; sourceTree = "<group>"; };
		97F706BA24D8AF7B009DD21A /* SingleItemSection.swift */ = {isa = PBXFileReference; lastKnownFileType = sourcecode.swift; path = SingleItemSection.swift; sourceTree = "<group>"; };
/* End PBXFileReference section */

/* Begin PBXFrameworksBuildPhase section */
		9754EBCF24D7A19F0037DE8E /* Frameworks */ = {
			isa = PBXFrameworksBuildPhase;
			buildActionMask = 2147483647;
			files = (
			);
			runOnlyForDeploymentPostprocessing = 0;
		};
/* End PBXFrameworksBuildPhase section */

/* Begin PBXGroup section */
		9754EBC924D7A19F0037DE8E = {
			isa = PBXGroup;
			children = (
				9754EBD424D7A19F0037DE8E /* SwiftUIExamples */,
				9754EBD324D7A19F0037DE8E /* Products */,
			);
			sourceTree = "<group>";
		};
		9754EBD324D7A19F0037DE8E /* Products */ = {
			isa = PBXGroup;
			children = (
				9754EBD224D7A19F0037DE8E /* SwiftUIExamples.app */,
			);
			name = Products;
			sourceTree = "<group>";
		};
		9754EBD424D7A19F0037DE8E /* SwiftUIExamples */ = {
			isa = PBXGroup;
			children = (
				97F706BC24D8B143009DD21A /* Examples */,
				9754EBD524D7A19F0037DE8E /* AppDelegate.swift */,
				9754EBD724D7A19F0037DE8E /* SceneDelegate.swift */,
				9754EBD924D7A19F0037DE8E /* ContentView.swift */,
				97F706BA24D8AF7B009DD21A /* SingleItemSection.swift */,
				9754EBDB24D7A1A20037DE8E /* Assets.xcassets */,
				9754EBE024D7A1A20037DE8E /* LaunchScreen.storyboard */,
				9754EBE324D7A1A20037DE8E /* Info.plist */,
				9754EBDD24D7A1A20037DE8E /* Preview Content */,
			);
			path = SwiftUIExamples;
			sourceTree = "<group>";
		};
		9754EBDD24D7A1A20037DE8E /* Preview Content */ = {
			isa = PBXGroup;
			children = (
				9754EBDE24D7A1A20037DE8E /* Preview Assets.xcassets */,
			);
			path = "Preview Content";
			sourceTree = "<group>";
		};
		97F706BC24D8B143009DD21A /* Examples */ = {
			isa = PBXGroup;
			children = (
				97D03C5624D8967F00656608 /* ColorSlider.swift */,
				9754EBEB24D7A5F10037DE8E /* GroupedListExampleView.swift */,
				9754EBE924D7A55D0037DE8E /* ListExampleView.swift */,
				97D03C5424D8963E00656608 /* SliderExampleView.swift */,
			);
			path = Examples;
			sourceTree = "<group>";
		};
/* End PBXGroup section */

/* Begin PBXNativeTarget section */
		9754EBD124D7A19F0037DE8E /* SwiftUIExamples */ = {
			isa = PBXNativeTarget;
			buildConfigurationList = 9754EBE624D7A1A20037DE8E /* Build configuration list for PBXNativeTarget "SwiftUIExamples" */;
			buildPhases = (
				9754EBCE24D7A19F0037DE8E /* Sources */,
				9754EBCF24D7A19F0037DE8E /* Frameworks */,
				9754EBD024D7A19F0037DE8E /* Resources */,
			);
			buildRules = (
			);
			dependencies = (
			);
			name = SwiftUIExamples;
			productName = SwiftUIExamples;
			productReference = 9754EBD224D7A19F0037DE8E /* SwiftUIExamples.app */;
			productType = "com.apple.product-type.application";
		};
/* End PBXNativeTarget section */

/* Begin PBXProject section */
		9754EBCA24D7A19F0037DE8E /* Project object */ = {
			isa = PBXProject;
			attributes = {
				LastSwiftUpdateCheck = 1160;
				LastUpgradeCheck = 1160;
				ORGANIZATIONNAME = "Dave Johnson Studios";
				TargetAttributes = {
					9754EBD124D7A19F0037DE8E = {
						CreatedOnToolsVersion = 11.6;
					};
				};
			};
			buildConfigurationList = 9754EBCD24D7A19F0037DE8E /* Build configuration list for PBXProject "SwiftUIExamples" */;
			compatibilityVersion = "Xcode 9.3";
			developmentRegion = en;
			hasScannedForEncodings = 0;
			knownRegions = (
				en,
				Base,
			);
			mainGroup = 9754EBC924D7A19F0037DE8E;
			productRefGroup = 9754EBD324D7A19F0037DE8E /* Products */;
			projectDirPath = "";
			projectRoot = "";
			targets = (
				9754EBD124D7A19F0037DE8E /* SwiftUIExamples */,
			);
		};
/* End PBXProject section */

/* Begin PBXResourcesBuildPhase section */
		9754EBD024D7A19F0037DE8E /* Resources */ = {
			isa = PBXResourcesBuildPhase;
			buildActionMask = 2147483647;
			files = (
				9754EBE224D7A1A20037DE8E /* LaunchScreen.storyboard in Resources */,
				9754EBDF24D7A1A20037DE8E /* Preview Assets.xcassets in Resources */,
				9754EBDC24D7A1A20037DE8E /* Assets.xcassets in Resources */,
			);
			runOnlyForDeploymentPostprocessing = 0;
		};
/* End PBXResourcesBuildPhase section */

/* Begin PBXSourcesBuildPhase section */
		9754EBCE24D7A19F0037DE8E /* Sources */ = {
			isa = PBXSourcesBuildPhase;
			buildActionMask = 2147483647;
			files = (
				97D03C5724D8967F00656608 /* ColorSlider.swift in Sources */,
				97D03C5524D8963E00656608 /* SliderExampleView.swift in Sources */,
				9754EBD624D7A19F0037DE8E /* AppDelegate.swift in Sources */,
				9754EBD824D7A19F0037DE8E /* SceneDelegate.swift in Sources */,
				9754EBDA24D7A19F0037DE8E /* ContentView.swift in Sources */,
				9754EBEC24D7A5F10037DE8E /* GroupedListExampleView.swift in Sources */,
				9754EBEA24D7A55D0037DE8E /* ListExampleView.swift in Sources */,
				97F706BB24D8AF7B009DD21A /* SingleItemSection.swift in Sources */,
			);
			runOnlyForDeploymentPostprocessing = 0;
		};
/* End PBXSourcesBuildPhase section */

/* Begin PBXVariantGroup section */
		9754EBE024D7A1A20037DE8E /* LaunchScreen.storyboard */ = {
			isa = PBXVariantGroup;
			children = (
				9754EBE124D7A1A20037DE8E /* Base */,
			);
			name = LaunchScreen.storyboard;
			sourceTree = "<group>";
		};
/* End PBXVariantGroup section */

/* Begin XCBuildConfiguration section */
		9754EBE424D7A1A20037DE8E /* Debug */ = {
			isa = XCBuildConfiguration;
			buildSettings = {
				ALWAYS_SEARCH_USER_PATHS = NO;
				CLANG_ANALYZER_NONNULL = YES;
				CLANG_ANALYZER_NUMBER_OBJECT_CONVERSION = YES_AGGRESSIVE;
				CLANG_CXX_LANGUAGE_STANDARD = "gnu++14";
				CLANG_CXX_LIBRARY = "libc++";
				CLANG_ENABLE_MODULES = YES;
				CLANG_ENABLE_OBJC_ARC = YES;
				CLANG_ENABLE_OBJC_WEAK = YES;
				CLANG_WARN_BLOCK_CAPTURE_AUTORELEASING = YES;
				CLANG_WARN_BOOL_CONVERSION = YES;
				CLANG_WARN_COMMA = YES;
				CLANG_WARN_CONSTANT_CONVERSION = YES;
				CLANG_WARN_DEPRECATED_OBJC_IMPLEMENTATIONS = YES;
				CLANG_WARN_DIRECT_OBJC_ISA_USAGE = YES_ERROR;
				CLANG_WARN_DOCUMENTATION_COMMENTS = YES;
				CLANG_WARN_EMPTY_BODY = YES;
				CLANG_WARN_ENUM_CONVERSION = YES;
				CLANG_WARN_INFINITE_RECURSION = YES;
				CLANG_WARN_INT_CONVERSION = YES;
				CLANG_WARN_NON_LITERAL_NULL_CONVERSION = YES;
				CLANG_WARN_OBJC_IMPLICIT_RETAIN_SELF = YES;
				CLANG_WARN_OBJC_LITERAL_CONVERSION = YES;
				CLANG_WARN_OBJC_ROOT_CLASS = YES_ERROR;
				CLANG_WARN_RANGE_LOOP_ANALYSIS = YES;
				CLANG_WARN_STRICT_PROTOTYPES = YES;
				CLANG_WARN_SUSPICIOUS_MOVE = YES;
				CLANG_WARN_UNGUARDED_AVAILABILITY = YES_AGGRESSIVE;
				CLANG_WARN_UNREACHABLE_CODE = YES;
				CLANG_WARN__DUPLICATE_METHOD_MATCH = YES;
				COPY_PHASE_STRIP = NO;
				DEBUG_INFORMATION_FORMAT = dwarf;
				ENABLE_STRICT_OBJC_MSGSEND = YES;
				ENABLE_TESTABILITY = YES;
				GCC_C_LANGUAGE_STANDARD = gnu11;
				GCC_DYNAMIC_NO_PIC = NO;
				GCC_NO_COMMON_BLOCKS = YES;
				GCC_OPTIMIZATION_LEVEL = 0;
				GCC_PREPROCESSOR_DEFINITIONS = (
					"DEBUG=1",
					"$(inherited)",
				);
				GCC_WARN_64_TO_32_BIT_CONVERSION = YES;
				GCC_WARN_ABOUT_RETURN_TYPE = YES_ERROR;
				GCC_WARN_UNDECLARED_SELECTOR = YES;
				GCC_WARN_UNINITIALIZED_AUTOS = YES_AGGRESSIVE;
				GCC_WARN_UNUSED_FUNCTION = YES;
				GCC_WARN_UNUSED_VARIABLE = YES;
				IPHONEOS_DEPLOYMENT_TARGET = 13.6;
				MTL_ENABLE_DEBUG_INFO = INCLUDE_SOURCE;
				MTL_FAST_MATH = YES;
				ONLY_ACTIVE_ARCH = YES;
				SDKROOT = iphoneos;
				SWIFT_ACTIVE_COMPILATION_CONDITIONS = DEBUG;
				SWIFT_OPTIMIZATION_LEVEL = "-Onone";
			};
			name = Debug;
		};
		9754EBE524D7A1A20037DE8E /* Release */ = {
			isa = XCBuildConfiguration;
			buildSettings = {
				ALWAYS_SEARCH_USER_PATHS = NO;
				CLANG_ANALYZER_NONNULL = YES;
				CLANG_ANALYZER_NUMBER_OBJECT_CONVERSION = YES_AGGRESSIVE;
				CLANG_CXX_LANGUAGE_STANDARD = "gnu++14";
				CLANG_CXX_LIBRARY = "libc++";
				CLANG_ENABLE_MODULES = YES;
				CLANG_ENABLE_OBJC_ARC = YES;
				CLANG_ENABLE_OBJC_WEAK = YES;
				CLANG_WARN_BLOCK_CAPTURE_AUTORELEASING = YES;
				CLANG_WARN_BOOL_CONVERSION = YES;
				CLANG_WARN_COMMA = YES;
				CLANG_WARN_CONSTANT_CONVERSION = YES;
				CLANG_WARN_DEPRECATED_OBJC_IMPLEMENTATIONS = YES;
				CLANG_WARN_DIRECT_OBJC_ISA_USAGE = YES_ERROR;
				CLANG_WARN_DOCUMENTATION_COMMENTS = YES;
				CLANG_WARN_EMPTY_BODY = YES;
				CLANG_WARN_ENUM_CONVERSION = YES;
				CLANG_WARN_INFINITE_RECURSION = YES;
				CLANG_WARN_INT_CONVERSION = YES;
				CLANG_WARN_NON_LITERAL_NULL_CONVERSION = YES;
				CLANG_WARN_OBJC_IMPLICIT_RETAIN_SELF = YES;
				CLANG_WARN_OBJC_LITERAL_CONVERSION = YES;
				CLANG_WARN_OBJC_ROOT_CLASS = YES_ERROR;
				CLANG_WARN_RANGE_LOOP_ANALYSIS = YES;
				CLANG_WARN_STRICT_PROTOTYPES = YES;
				CLANG_WARN_SUSPICIOUS_MOVE = YES;
				CLANG_WARN_UNGUARDED_AVAILABILITY = YES_AGGRESSIVE;
				CLANG_WARN_UNREACHABLE_CODE = YES;
				CLANG_WARN__DUPLICATE_METHOD_MATCH = YES;
				COPY_PHASE_STRIP = NO;
				DEBUG_INFORMATION_FORMAT = "dwarf-with-dsym";
				ENABLE_NS_ASSERTIONS = NO;
				ENABLE_STRICT_OBJC_MSGSEND = YES;
				GCC_C_LANGUAGE_STANDARD = gnu11;
				GCC_NO_COMMON_BLOCKS = YES;
				GCC_WARN_64_TO_32_BIT_CONVERSION = YES;
				GCC_WARN_ABOUT_RETURN_TYPE = YES_ERROR;
				GCC_WARN_UNDECLARED_SELECTOR = YES;
				GCC_WARN_UNINITIALIZED_AUTOS = YES_AGGRESSIVE;
				GCC_WARN_UNUSED_FUNCTION = YES;
				GCC_WARN_UNUSED_VARIABLE = YES;
				IPHONEOS_DEPLOYMENT_TARGET = 13.6;
				MTL_ENABLE_DEBUG_INFO = NO;
				MTL_FAST_MATH = YES;
				SDKROOT = iphoneos;
				SWIFT_COMPILATION_MODE = wholemodule;
				SWIFT_OPTIMIZATION_LEVEL = "-O";
				VALIDATE_PRODUCT = YES;
			};
			name = Release;
		};
		9754EBE724D7A1A20037DE8E /* Debug */ = {
			isa = XCBuildConfiguration;
			buildSettings = {
				ASSETCATALOG_COMPILER_APPICON_NAME = AppIcon;
				CODE_SIGN_STYLE = Automatic;
				DEVELOPMENT_ASSET_PATHS = "\"SwiftUIExamples/Preview Content\"";
				DEVELOPMENT_TEAM = EKBZ3GDCKJ;
				ENABLE_PREVIEWS = YES;
				INFOPLIST_FILE = SwiftUIExamples/Info.plist;
				LD_RUNPATH_SEARCH_PATHS = (
					"$(inherited)",
					"@executable_path/Frameworks",
				);
				PRODUCT_BUNDLE_IDENTIFIER = com.djohnson.SwiftUIExamples;
				PRODUCT_NAME = "$(TARGET_NAME)";
				SWIFT_VERSION = 5.0;
				TARGETED_DEVICE_FAMILY = "1,2";
			};
			name = Debug;
		};
		9754EBE824D7A1A20037DE8E /* Release */ = {
			isa = XCBuildConfiguration;
			buildSettings = {
				ASSETCATALOG_COMPILER_APPICON_NAME = AppIcon;
				CODE_SIGN_STYLE = Automatic;
				DEVELOPMENT_ASSET_PATHS = "\"SwiftUIExamples/Preview Content\"";
				DEVELOPMENT_TEAM = EKBZ3GDCKJ;
				ENABLE_PREVIEWS = YES;
				INFOPLIST_FILE = SwiftUIExamples/Info.plist;
				LD_RUNPATH_SEARCH_PATHS = (
					"$(inherited)",
					"@executable_path/Frameworks",
				);
				PRODUCT_BUNDLE_IDENTIFIER = com.djohnson.SwiftUIExamples;
				PRODUCT_NAME = "$(TARGET_NAME)";
				SWIFT_VERSION = 5.0;
				TARGETED_DEVICE_FAMILY = "1,2";
			};
			name = Release;
		};
/* End XCBuildConfiguration section */

/* Begin XCConfigurationList section */
		9754EBCD24D7A19F0037DE8E /* Build configuration list for PBXProject "SwiftUIExamples" */ = {
			isa = XCConfigurationList;
			buildConfigurations = (
				9754EBE424D7A1A20037DE8E /* Debug */,
				9754EBE524D7A1A20037DE8E /* Release */,
			);
			defaultConfigurationIsVisible = 0;
			defaultConfigurationName = Release;
		};
		9754EBE624D7A1A20037DE8E /* Build configuration list for PBXNativeTarget "SwiftUIExamples" */ = {
			isa = XCConfigurationList;
			buildConfigurations = (
				9754EBE724D7A1A20037DE8E /* Debug */,
				9754EBE824D7A1A20037DE8E /* Release */,
			);
			defaultConfigurationIsVisible = 0;
			defaultConfigurationName = Release;
		};
/* End XCConfigurationList section */
	};
	rootObject = 9754EBCA24D7A19F0037DE8E /* Project object */;
}
